{
    "_readme": [
        "This file locks the dependencies of your project to a known state",
        "Read more about it at https://getcomposer.org/doc/01-basic-usage.md#composer-lock-the-lock-file",
        "This file is @generated automatically"
    ],
    "content-hash": "15fc973704eaf370317c049dc4ce7cf6",
    "packages": [
        {
            "name": "antecedent/patchwork",
            "version": "1.4.3",
            "source": {
                "type": "git",
                "url": "https://github.com/antecedent/patchwork.git",
                "reference": "6e1a0a0c1282c9690d38fb4831cbdfcd04d02171"
            },
            "dist": {
                "type": "zip",
                "url": "https://api.github.com/repos/antecedent/patchwork/zipball/6e1a0a0c1282c9690d38fb4831cbdfcd04d02171",
                "reference": "6e1a0a0c1282c9690d38fb4831cbdfcd04d02171",
                "shasum": ""
            },
            "require": {
                "php": ">=5.4.0"
            },
            "type": "library",
            "notification-url": "https://packagist.org/downloads/",
            "license": [
                "MIT"
            ],
            "authors": [
                {
                    "name": "Ignas Rudaitis",
                    "email": "ignas.rudaitis@gmail.com"
                }
            ],
            "description": "Method redefinition (monkey-patching) functionality for PHP.",
            "keywords": [
                "aop",
                "aspect",
                "interception",
                "monkeypatching",
                "redefinition",
                "runkit",
                "testing"
            ],
            "time": "2016-07-02T04:25:33+00:00"
        },
        {
            "name": "lucatume/args",
            "version": "1.0.1",
            "source": {
                "type": "git",
                "url": "https://github.com/lucatume/args.git",
                "reference": "f0189fc868136b250b918e7804fd0dd58a470e55"
            },
            "dist": {
                "type": "zip",
                "url": "https://api.github.com/repos/lucatume/args/zipball/f0189fc868136b250b918e7804fd0dd58a470e55",
                "reference": "f0189fc868136b250b918e7804fd0dd58a470e55",
                "shasum": ""
            },
            "require": {
                "xrstf/composer-php52": "1.*"
            },
            "require-dev": {
                "codeception/codeception": "*"
            },
            "type": "library",
            "autoload": {
                "psr-0": {
                    "Arg": "src/",
                    "tad_": "src/"
                }
            },
            "notification-url": "https://packagist.org/downloads/",
            "license": [
                "GPL2"
            ],
            "authors": [
                {
                    "name": "Luca Tumedei",
                    "email": "luca@theaveragedev.com"
                }
            ],
            "description": "A PHP 5.2 compatible arguments handling library.",
            "time": "2016-03-21T10:13:39+00:00"
        },
        {
            "name": "lucatume/function-mocker",
            "version": "1.1.0",
            "source": {
                "type": "git",
                "url": "https://github.com/lucatume/function-mocker.git",
                "reference": "f73216091347a3a6de742b5fde0cf7b4935ca7d1"
            },
            "dist": {
                "type": "zip",
                "url": "https://api.github.com/repos/lucatume/function-mocker/zipball/f73216091347a3a6de742b5fde0cf7b4935ca7d1",
                "reference": "f73216091347a3a6de742b5fde0cf7b4935ca7d1",
                "shasum": ""
            },
            "require": {
                "antecedent/patchwork": "~1.4",
                "lucatume/args": "~1.0"
            },
            "require-dev": {
                "phpspec/phpspec": "~2.1",
                "phpunit/phpunit": "~5.4"
            },
            "type": "library",
            "autoload": {
                "psr-0": {
                    "tad\\FunctionMocker": "src"
                }
            },
            "notification-url": "https://packagist.org/downloads/",
            "license": [
                "GPL-2.0+"
            ],
            "authors": [
                {
                    "name": "theAverageDev",
                    "email": "luca@theaveragedev.com"
                }
            ],
            "description": "Function mocking with Patchwork",
            "time": "2016-06-03T19:40:26+00:00"
        },
        {
            "name": "xrstf/composer-php52",
            "version": "v1.0.20",
            "source": {
                "type": "git",
                "url": "https://github.com/composer-php52/composer-php52.git",
                "reference": "bd41459d5e27df8d33057842b32377c39e97a5a8"
            },
            "dist": {
                "type": "zip",
                "url": "https://api.github.com/repos/composer-php52/composer-php52/zipball/bd41459d5e27df8d33057842b32377c39e97a5a8",
                "reference": "bd41459d5e27df8d33057842b32377c39e97a5a8",
                "shasum": ""
            },
            "type": "library",
            "extra": {
                "branch-alias": {
                    "dev-default": "1.x-dev"
                }
            },
            "autoload": {
                "psr-0": {
                    "xrstf\\Composer52": "lib/"
                }
            },
            "notification-url": "https://packagist.org/downloads/",
            "license": [
                "MIT"
            ],
            "time": "2016-04-16T21:52:24+00:00"
        }
    ],
    "packages-dev": [],
    "aliases": [],
    "minimum-stability": "stable",
    "stability-flags": [],
    "prefer-stable": false,
    "prefer-lowest": false,
    "platform": [],
    "platform-dev": []
}
